{
  "name": "a712338f43e79bae",
  "lockfileVersion": 3,
  "requires": true,
  "packages": {
    "": {
      "dependencies": {
        "create-expo-app": "^3.5.3"
      }
    },
    "node_modules/create-expo-app": {
      "version": "3.5.3",
      "resolved": "https://registry.npmjs.org/create-expo-app/-/create-expo-app-3.5.3.tgz",
      "integrity": "sha512-TomsYYh4I4nAer8zOqLHnUgt/ql5NOlGzTZIPzc0EIhFniTQzYJRpaIkPpEBJWNtiVxIs86s8D677CMtKBr24g==",
      "license": "BSD-3-Clause",
      "bin": {
        "create-expo-app": "build/index.js"
      },
      "engines": {
        "node": ">=18.13.0"
      }
    }
  }
}
